
Microsoft Visual Studio Solution File, Format Version 12.00
Project("{FAE04EC0-301F-11D3-BF4B-00C04F79EFBC}") = "FrontlineCardWarfare", "FrontlineCardWarfare\FrontlineCardWarfare.csproj", "{7CE0AD22-A22A-4DA0-923D-033EA818815C}"
EndProject
Global
	GlobalSection(SolutionConfigurationPlatforms) = preSolution
		Debug|Any CPU = Debug|Any CPU
		Release|Any CPU = Release|Any CPU
	EndGlobalSection
	GlobalSection(ProjectConfigurationPlatforms) = postSolution
		{7CE0AD22-A22A-4DA0-923D-033EA818815C}.Debug|Any CPU.ActiveCfg = Debug|Any CPU
		{7CE0AD22-A22A-4DA0-923D-033EA818815C}.Debug|Any CPU.Build.0 = Debug|Any CPU
		{7CE0AD22-A22A-4DA0-923D-033EA818815C}.Release|Any CPU.ActiveCfg = Release|Any CPU
		{7CE0AD22-A22A-4DA0-923D-033EA818815C}.Release|Any CPU.Build.0 = Release|Any CPU
	EndGlobalSection
EndGlobal
